
Microsoft Visual Studio Solution File, Format Version 12.00
# Visual Studio Version 16
VisualStudioVersion = 16.0.30523.141
MinimumVisualStudioVersion = 10.0.40219.1
Project("{8BC9CEB8-8B4A-11D0-8D11-00A0C91BC942}") = "Está el árbol equilibrado", "Está el árbol equilibrado\Está el árbol equilibrado.vcxproj", "{FC007E30-2C5D-4EB8-90E3-34C1981B69CE}"
EndProject
Global
	GlobalSection(SolutionConfigurationPlatforms) = preSolution
		Debug|x64 = Debug|x64
		Debug|x86 = Debug|x86
		Release|x64 = Release|x64
		Release|x86 = Release|x86
	EndGlobalSection
	GlobalSection(ProjectConfigurationPlatforms) = postSolution
		{FC007E30-2C5D-4EB8-90E3-34C1981B69CE}.Debug|x64.ActiveCfg = Debug|x64
		{FC007E30-2C5D-4EB8-90E3-34C1981B69CE}.Debug|x64.Build.0 = Debug|x64
		{FC007E30-2C5D-4EB8-90E3-34C1981B69CE}.Debug|x86.ActiveCfg = Debug|Win32
		{FC007E30-2C5D-4EB8-90E3-34C1981B69CE}.Debug|x86.Build.0 = Debug|Win32
		{FC007E30-2C5D-4EB8-90E3-34C1981B69CE}.Release|x64.ActiveCfg = Release|x64
		{FC007E30-2C5D-4EB8-90E3-34C1981B69CE}.Release|x64.Build.0 = Release|x64
		{FC007E30-2C5D-4EB8-90E3-34C1981B69CE}.Release|x86.ActiveCfg = Release|Win32
		{FC007E30-2C5D-4EB8-90E3-34C1981B69CE}.Release|x86.Build.0 = Release|Win32
	EndGlobalSection
	GlobalSection(SolutionProperties) = preSolution
		HideSolutionNode = FALSE
	EndGlobalSection
	GlobalSection(ExtensibilityGlobals) = postSolution
		SolutionGuid = {90CA8EF4-E9A4-4442-A05B-D79021F2C384}
	EndGlobalSection
EndGlobal
