
Microsoft Visual Studio Solution File, Format Version 12.00
# Visual Studio Version 16
VisualStudioVersion = 16.0.30523.141
MinimumVisualStudioVersion = 10.0.40219.1
Project("{8BC9CEB8-8B4A-11D0-8D11-00A0C91BC942}") = "En primera linea de playa", "En primera linea de playa\En primera linea de playa.vcxproj", "{29EA257F-7F16-4271-89B7-60E56FDE50C2}"
EndProject
Global
	GlobalSection(SolutionConfigurationPlatforms) = preSolution
		Debug|x64 = Debug|x64
		Debug|x86 = Debug|x86
		Release|x64 = Release|x64
		Release|x86 = Release|x86
	EndGlobalSection
	GlobalSection(ProjectConfigurationPlatforms) = postSolution
		{29EA257F-7F16-4271-89B7-60E56FDE50C2}.Debug|x64.ActiveCfg = Debug|x64
		{29EA257F-7F16-4271-89B7-60E56FDE50C2}.Debug|x64.Build.0 = Debug|x64
		{29EA257F-7F16-4271-89B7-60E56FDE50C2}.Debug|x86.ActiveCfg = Debug|Win32
		{29EA257F-7F16-4271-89B7-60E56FDE50C2}.Debug|x86.Build.0 = Debug|Win32
		{29EA257F-7F16-4271-89B7-60E56FDE50C2}.Release|x64.ActiveCfg = Release|x64
		{29EA257F-7F16-4271-89B7-60E56FDE50C2}.Release|x64.Build.0 = Release|x64
		{29EA257F-7F16-4271-89B7-60E56FDE50C2}.Release|x86.ActiveCfg = Release|Win32
		{29EA257F-7F16-4271-89B7-60E56FDE50C2}.Release|x86.Build.0 = Release|Win32
	EndGlobalSection
	GlobalSection(SolutionProperties) = preSolution
		HideSolutionNode = FALSE
	EndGlobalSection
	GlobalSection(ExtensibilityGlobals) = postSolution
		SolutionGuid = {F0CFB1D4-4972-4246-B960-45A2D2CFC52C}
	EndGlobalSection
EndGlobal
