
Microsoft Visual Studio Solution File, Format Version 12.00
# Visual Studio Version 16
VisualStudioVersion = 16.0.30523.141
MinimumVisualStudioVersion = 10.0.40219.1
Project("{8BC9CEB8-8B4A-11D0-8D11-00A0C91BC942}") = "Las gorras de la competicion", "Las gorras de la competicion\Las gorras de la competicion.vcxproj", "{BD5FA55A-BF92-4970-A7D3-A387C5179871}"
EndProject
Global
	GlobalSection(SolutionConfigurationPlatforms) = preSolution
		Debug|x64 = Debug|x64
		Debug|x86 = Debug|x86
		Release|x64 = Release|x64
		Release|x86 = Release|x86
	EndGlobalSection
	GlobalSection(ProjectConfigurationPlatforms) = postSolution
		{BD5FA55A-BF92-4970-A7D3-A387C5179871}.Debug|x64.ActiveCfg = Debug|x64
		{BD5FA55A-BF92-4970-A7D3-A387C5179871}.Debug|x64.Build.0 = Debug|x64
		{BD5FA55A-BF92-4970-A7D3-A387C5179871}.Debug|x86.ActiveCfg = Debug|Win32
		{BD5FA55A-BF92-4970-A7D3-A387C5179871}.Debug|x86.Build.0 = Debug|Win32
		{BD5FA55A-BF92-4970-A7D3-A387C5179871}.Release|x64.ActiveCfg = Release|x64
		{BD5FA55A-BF92-4970-A7D3-A387C5179871}.Release|x64.Build.0 = Release|x64
		{BD5FA55A-BF92-4970-A7D3-A387C5179871}.Release|x86.ActiveCfg = Release|Win32
		{BD5FA55A-BF92-4970-A7D3-A387C5179871}.Release|x86.Build.0 = Release|Win32
	EndGlobalSection
	GlobalSection(SolutionProperties) = preSolution
		HideSolutionNode = FALSE
	EndGlobalSection
	GlobalSection(ExtensibilityGlobals) = postSolution
		SolutionGuid = {18FCD3C2-B02F-458B-9E87-9E1740B9939B}
	EndGlobalSection
EndGlobal
